
Microsoft Visual Studio Solution File, Format Version 12.00
# Visual Studio Version 17
VisualStudioVersion = 17.0.32014.148
MinimumVisualStudioVersion = 10.0.40219.1
Project("{2150E333-8FDC-42A3-9474-1A3956D46DE8}") = "doc", "doc", "{067F4FAE-544D-4EE4-BF7E-C57DE09691BD}"
	ProjectSection(SolutionItems) = preProject
		Git사용법.txt = Git사용법.txt
	EndProjectSection
EndProject
Global
	GlobalSection(SolutionProperties) = preSolution
		HideSolutionNode = FALSE
	EndGlobalSection
	GlobalSection(ExtensibilityGlobals) = postSolution
		SolutionGuid = {FF13D456-9DC3-456F-9584-82FD419F15AF}
	EndGlobalSection
EndGlobal
